
Microsoft Visual Studio Solution File, Format Version 12.00
# Visual Studio Version 17
VisualStudioVersion = 17.8.34316.72
MinimumVisualStudioVersion = 10.0.40219.1
Project("{2150E333-8FDC-42A3-9474-1A3956D46DE8}") = "Business", "Business", "{F1516BDC-554D-4972-97DC-F12147E42414}"
EndProject
Project("{2150E333-8FDC-42A3-9474-1A3956D46DE8}") = "Contracts", "Contracts", "{847C0AED-45D2-4268-B751-40D118ED2434}"
EndProject
Project("{2150E333-8FDC-42A3-9474-1A3956D46DE8}") = "DataModels", "DataModels", "{84C36ADE-4EE2-40E5-B992-F49B85858DE9}"
EndProject
Project("{2150E333-8FDC-42A3-9474-1A3956D46DE8}") = "Api", "Api", "{9578D576-2B88-48E3-B3A7-B2CF153506F5}"
EndProject
Project("{FAE04EC0-301F-11D3-BF4B-00C04F79EFBC}") = "MeallyExtended.DataModels", "MeallyExtended.DataModels\MeallyExtended.DataModels.csproj", "{AE77D69E-228F-4758-8DAD-78E530BE1196}"
EndProject
Project("{FAE04EC0-301F-11D3-BF4B-00C04F79EFBC}") = "MeallyExtended.Contracts", "MeallyExtended.Contracts\MeallyExtended.Contracts.csproj", "{BBE7E8E7-C614-4553-8E50-396C50C296DD}"
EndProject
Project("{FAE04EC0-301F-11D3-BF4B-00C04F79EFBC}") = "MeallyExtended.Business", "MeallyExtended.Business\MeallyExtended.Business.csproj", "{FD13D32D-57F9-4D89-9ABC-9D1A37753B47}"
EndProject
Project("{FAE04EC0-301F-11D3-BF4B-00C04F79EFBC}") = "MeallyExtended.API", "MeallyExtended.API\MeallyExtended.API.csproj", "{4F231DF8-0301-47B5-A4DA-DA22077A144B}"
EndProject
Global
	GlobalSection(SolutionConfigurationPlatforms) = preSolution
		Debug|Any CPU = Debug|Any CPU
		Release|Any CPU = Release|Any CPU
	EndGlobalSection
	GlobalSection(ProjectConfigurationPlatforms) = postSolution
		{AE77D69E-228F-4758-8DAD-78E530BE1196}.Debug|Any CPU.ActiveCfg = Debug|Any CPU
		{AE77D69E-228F-4758-8DAD-78E530BE1196}.Debug|Any CPU.Build.0 = Debug|Any CPU
		{AE77D69E-228F-4758-8DAD-78E530BE1196}.Release|Any CPU.ActiveCfg = Release|Any CPU
		{AE77D69E-228F-4758-8DAD-78E530BE1196}.Release|Any CPU.Build.0 = Release|Any CPU
		{BBE7E8E7-C614-4553-8E50-396C50C296DD}.Debug|Any CPU.ActiveCfg = Debug|Any CPU
		{BBE7E8E7-C614-4553-8E50-396C50C296DD}.Debug|Any CPU.Build.0 = Debug|Any CPU
		{BBE7E8E7-C614-4553-8E50-396C50C296DD}.Release|Any CPU.ActiveCfg = Release|Any CPU
		{BBE7E8E7-C614-4553-8E50-396C50C296DD}.Release|Any CPU.Build.0 = Release|Any CPU
		{FD13D32D-57F9-4D89-9ABC-9D1A37753B47}.Debug|Any CPU.ActiveCfg = Debug|Any CPU
		{FD13D32D-57F9-4D89-9ABC-9D1A37753B47}.Debug|Any CPU.Build.0 = Debug|Any CPU
		{FD13D32D-57F9-4D89-9ABC-9D1A37753B47}.Release|Any CPU.ActiveCfg = Release|Any CPU
		{FD13D32D-57F9-4D89-9ABC-9D1A37753B47}.Release|Any CPU.Build.0 = Release|Any CPU
		{4F231DF8-0301-47B5-A4DA-DA22077A144B}.Debug|Any CPU.ActiveCfg = Debug|Any CPU
		{4F231DF8-0301-47B5-A4DA-DA22077A144B}.Debug|Any CPU.Build.0 = Debug|Any CPU
		{4F231DF8-0301-47B5-A4DA-DA22077A144B}.Release|Any CPU.ActiveCfg = Release|Any CPU
		{4F231DF8-0301-47B5-A4DA-DA22077A144B}.Release|Any CPU.Build.0 = Release|Any CPU
	EndGlobalSection
	GlobalSection(SolutionProperties) = preSolution
		HideSolutionNode = FALSE
	EndGlobalSection
	GlobalSection(NestedProjects) = preSolution
		{AE77D69E-228F-4758-8DAD-78E530BE1196} = {84C36ADE-4EE2-40E5-B992-F49B85858DE9}
		{BBE7E8E7-C614-4553-8E50-396C50C296DD} = {847C0AED-45D2-4268-B751-40D118ED2434}
		{FD13D32D-57F9-4D89-9ABC-9D1A37753B47} = {F1516BDC-554D-4972-97DC-F12147E42414}
		{4F231DF8-0301-47B5-A4DA-DA22077A144B} = {9578D576-2B88-48E3-B3A7-B2CF153506F5}
	EndGlobalSection
	GlobalSection(ExtensibilityGlobals) = postSolution
		SolutionGuid = {93AEC827-7848-4A1E-9F44-3B383A3E7F13}
	EndGlobalSection
EndGlobal
